dependencies:
- name: argo-cd-proxy-chart
  repository: https://distributed-technologies.github.io/helm-charts/
  version: 0.1.3
- name: cni
  repository: https://distributed-technologies.github.io/helm-charts/
  version: 0.3.5
- name: lb-proxy
  repository: https://distributed-technologies.github.io/helm-charts/
  version: 0.1.0
digest: sha256:685b62af7b08ba115e46fd7247d3959336d5c8ef67770bed285b9563a7d437eb
generated: "2021-11-12T11:11:29.226968292+01:00"
